
Microsoft Visual Studio Solution File, Format Version 12.00
# Visual Studio Version 17
VisualStudioVersion = 17.5.33424.131
MinimumVisualStudioVersion = 10.0.40219.1
Project("{FAE04EC0-301F-11D3-BF4B-00C04F79EFBC}") = "ConsoleApplicationNR", "ConsoleApplicationNR.csproj", "{2D0B097B-AFE1-4A50-91D2-D1ACEF9FFA5F}"
EndProject
Global
	GlobalSection(SolutionConfigurationPlatforms) = preSolution
		Debug|Any CPU = Debug|Any CPU
		Release|Any CPU = Release|Any CPU
	EndGlobalSection
	GlobalSection(ProjectConfigurationPlatforms) = postSolution
		{2D0B097B-AFE1-4A50-91D2-D1ACEF9FFA5F}.Debug|Any CPU.ActiveCfg = Debug|Any CPU
		{2D0B097B-AFE1-4A50-91D2-D1ACEF9FFA5F}.Debug|Any CPU.Build.0 = Debug|Any CPU
		{2D0B097B-AFE1-4A50-91D2-D1ACEF9FFA5F}.Release|Any CPU.ActiveCfg = Release|Any CPU
		{2D0B097B-AFE1-4A50-91D2-D1ACEF9FFA5F}.Release|Any CPU.Build.0 = Release|Any CPU
	EndGlobalSection
	GlobalSection(SolutionProperties) = preSolution
		HideSolutionNode = FALSE
	EndGlobalSection
	GlobalSection(ExtensibilityGlobals) = postSolution
		SolutionGuid = {50E8E495-60ED-4D60-A4BC-8FC1B73CA62A}
	EndGlobalSection
EndGlobal
